// !$*UTF8*$!
{
	archiveVersion = 1;
	classes = {
	};
	objectVersion = 77;
	objects = {

/* Begin PBXContainerItemProxy section */
		3AA5FB3A2CCFA7C900268354 /* PBXContainerItemProxy */ = {
			isa = PBXContainerItemProxy;
			containerPortal = 3AA5FB212CCFA7C800268354 /* Project object */;
			proxyType = 1;
			remoteGlobalIDString = 3AA5FB282CCFA7C800268354;
			remoteInfo = "Walaa - Hello World";
		};
		3AA5FB442CCFA7C900268354 /* PBXContainerItemProxy */ = {
			isa = PBXContainerItemProxy;
			containerPortal = 3AA5FB212CCFA7C800268354 /* Project object */;
			proxyType = 1;
			remoteGlobalIDString = 3AA5FB282CCFA7C800268354;
			remoteInfo = "Walaa - Hello World";
		};
/* End PBXContainerItemProxy section */

/* Begin PBXFileReference section */
		3AA5FB292CCFA7C800268354 /* Walaa - Hello World.app */ = {isa = PBXFileReference; explicitFileType = wrapper.application; includeInIndex = 0; path = "Walaa - Hello World.app"; sourceTree = BUILT_PRODUCTS_DIR; };
		3AA5FB392CCFA7C900268354 /* Walaa - Hello WorldTests.xctest */ = {isa = PBXFileReference; explicitFileType = wrapper.cfbundle; includeInIndex = 0; path = "Walaa - Hello WorldTests.xctest"; sourceTree = BUILT_PRODUCTS_DIR; };
		3AA5FB432CCFA7C900268354 /* Walaa - Hello WorldUITests.xctest */ = {isa = PBXFileReference; explicitFileType = wrapper.cfbundle; includeInIndex = 0; path = "Walaa - Hello WorldUITests.xctest"; sourceTree = BUILT_PRODUCTS_DIR; };
/* End PBXFileReference section */

/* Begin PBXFileSystemSynchronizedRootGroup section */
		3AA5FB2B2CCFA7C800268354 /* Walaa - Hello World */ = {
			isa = PBXFileSystemSynchronizedRootGroup;
			path = "Walaa - Hello World";
			sourceTree = "<group>";
		};
		3AA5FB3C2CCFA7C900268354 /* Walaa - Hello WorldTests */ = {
			isa = PBXFileSystemSynchronizedRootGroup;
			path = "Walaa - Hello WorldTests";
			sourceTree = "<group>";
		};
		3AA5FB462CCFA7C900268354 /* Walaa - Hello WorldUITests */ = {
			isa = PBXFileSystemSynchronizedRootGroup;
			path = "Walaa - Hello WorldUITests";
			sourceTree = "<group>";
		};
/* End PBXFileSystemSynchronizedRootGroup section */

/* Begin PBXFrameworksBuildPhase section */
		3AA5FB262CCFA7C800268354 /* Frameworks */ = {
			isa = PBXFrameworksBuildPhase;
			buildActionMask = 2147483647;
			files = (
			);
			runOnlyForDeploymentPostprocessing = 0;
		};
		3AA5FB362CCFA7C900268354 /* Frameworks */ = {
			isa = PBXFrameworksBuildPhase;
			buildActionMask = 2147483647;
			files = (
			);
			runOnlyForDeploymentPostprocessing = 0;
		};
		3AA5FB402CCFA7C900268354 /* Frameworks */ = {
			isa = PBXFrameworksBuildPhase;
			buildActionMask = 2147483647;
			files = (
			);
			runOnlyForDeploymentPostprocessing = 0;
		};
/* End PBXFrameworksBuildPhase section */

/* Begin PBXGroup section */
		3AA5FB202CCFA7C800268354 = {
			isa = PBXGroup;
			children = (
				3AA5FB2B2CCFA7C800268354 /* Walaa - Hello World */,
				3AA5FB3C2CCFA7C900268354 /* Walaa - Hello WorldTests */,
				3AA5FB462CCFA7C900268354 /* Walaa - Hello WorldUITests */,
				3AA5FB2A2CCFA7C800268354 /* Products */,
			);
			sourceTree = "<group>";
		};
		3AA5FB2A2CCFA7C800268354 /* Products */ = {
			isa = PBXGroup;
			children = (
				3AA5FB292CCFA7C800268354 /* Walaa - Hello World.app */,
				3AA5FB392CCFA7C900268354 /* Walaa - Hello WorldTests.xctest */,
				3AA5FB432CCFA7C900268354 /* Walaa - Hello WorldUITests.xctest */,
			);
			name = Products;
			sourceTree = "<group>";
		};
/* End PBXGroup section */

/* Begin PBXNativeTarget section */
		3AA5FB282CCFA7C800268354 /* Walaa - Hello World */ = {
			isa = PBXNativeTarget;
			buildConfigurationList = 3AA5FB4D2CCFA7C900268354 /* Build configuration list for PBXNativeTarget "Walaa - Hello World" */;
			buildPhases = (
				3AA5FB252CCFA7C800268354 /* Sources */,
				3AA5FB262CCFA7C800268354 /* Frameworks */,
				3AA5FB272CCFA7C800268354 /* Resources */,
			);
			buildRules = (
			);
			dependencies = (
			);
			fileSystemSynchronizedGroups = (
				3AA5FB2B2CCFA7C800268354 /* Walaa - Hello World */,
			);
			name = "Walaa - Hello World";
			packageProductDependencies = (
			);
			productName = "Walaa - Hello World";
			productReference = 3AA5FB292CCFA7C800268354 /* Walaa - Hello World.app */;
			productType = "com.apple.product-type.application";
		};
		3AA5FB382CCFA7C900268354 /* Walaa - Hello WorldTests */ = {
			isa = PBXNativeTarget;
			buildConfigurationList = 3AA5FB502CCFA7C900268354 /* Build configuration list for PBXNativeTarget "Walaa - Hello WorldTests" */;
			buildPhases = (
				3AA5FB352CCFA7C900268354 /* Sources */,
				3AA5FB362CCFA7C900268354 /* Frameworks */,
				3AA5FB372CCFA7C900268354 /* Resources */,
			);
			buildRules = (
			);
			dependencies = (
				3AA5FB3B2CCFA7C900268354 /* PBXTargetDependency */,
			);
			fileSystemSynchronizedGroups = (
				3AA5FB3C2CCFA7C900268354 /* Walaa - Hello WorldTests */,
			);
			name = "Walaa - Hello WorldTests";
			packageProductDependencies = (
			);
			productName = "Walaa - Hello WorldTests";
			productReference = 3AA5FB392CCFA7C900268354 /* Walaa - Hello WorldTests.xctest */;
			productType = "com.apple.product-type.bundle.unit-test";
		};
		3AA5FB422CCFA7C900268354 /* Walaa - Hello WorldUITests */ = {
			isa = PBXNativeTarget;
			buildConfigurationList = 3AA5FB532CCFA7C900268354 /* Build configuration list for PBXNativeTarget "Walaa - Hello WorldUITests" */;
			buildPhases = (
				3AA5FB3F2CCFA7C900268354 /* Sources */,
				3AA5FB402CCFA7C900268354 /* Frameworks */,
				3AA5FB412CCFA7C900268354 /* Resources */,
			);
			buildRules = (
			);
			dependencies = (
				3AA5FB452CCFA7C900268354 /* PBXTargetDependency */,
			);
			fileSystemSynchronizedGroups = (
				3AA5FB462CCFA7C900268354 /* Walaa - Hello WorldUITests */,
			);
			name = "Walaa - Hello WorldUITests";
			packageProductDependencies = (
			);
			productName = "Walaa - Hello WorldUITests";
			productReference = 3AA5FB432CCFA7C900268354 /* Walaa - Hello WorldUITests.xctest */;
			productType = "com.apple.product-type.bundle.ui-testing";
		};
/* End PBXNativeTarget section */

/* Begin PBXProject section */
		3AA5FB212CCFA7C800268354 /* Project object */ = {
			isa = PBXProject;
			attributes = {
				BuildIndependentTargetsInParallel = 1;
				LastSwiftUpdateCheck = 1600;
				LastUpgradeCheck = 1600;
				TargetAttributes = {
					3AA5FB282CCFA7C800268354 = {
						CreatedOnToolsVersion = 16.0;
					};
					3AA5FB382CCFA7C900268354 = {
						CreatedOnToolsVersion = 16.0;
						TestTargetID = 3AA5FB282CCFA7C800268354;
					};
					3AA5FB422CCFA7C900268354 = {
						CreatedOnToolsVersion = 16.0;
						TestTargetID = 3AA5FB282CCFA7C800268354;
					};
				};
			};
			buildConfigurationList = 3AA5FB242CCFA7C800268354 /* Build configuration list for PBXProject "Walaa - Hello World" */;
			developmentRegion = en;
			hasScannedForEncodings = 0;
			knownRegions = (
				en,
				Base,
			);
			mainGroup = 3AA5FB202CCFA7C800268354;
			minimizedProjectReferenceProxies = 1;
			preferredProjectObjectVersion = 77;
			productRefGroup = 3AA5FB2A2CCFA7C800268354 /* Products */;
			projectDirPath = "";
			projectRoot = "";
			targets = (
				3AA5FB282CCFA7C800268354 /* Walaa - Hello World */,
				3AA5FB382CCFA7C900268354 /* Walaa - Hello WorldTests */,
				3AA5FB422CCFA7C900268354 /* Walaa - Hello WorldUITests */,
			);
		};
/* End PBXProject section */

/* Begin PBXResourcesBuildPhase section */
		3AA5FB272CCFA7C800268354 /* Resources */ = {
			isa = PBXResourcesBuildPhase;
			buildActionMask = 2147483647;
			files = (
			);
			runOnlyForDeploymentPostprocessing = 0;
		};
		3AA5FB372CCFA7C900268354 /* Resources */ = {
			isa = PBXResourcesBuildPhase;
			buildActionMask = 2147483647;
			files = (
			);
			runOnlyForDeploymentPostprocessing = 0;
		};
		3AA5FB412CCFA7C900268354 /* Resources */ = {
			isa = PBXResourcesBuildPhase;
			buildActionMask = 2147483647;
			files = (
			);
			runOnlyForDeploymentPostprocessing = 0;
		};
/* End PBXResourcesBuildPhase section */

/* Begin PBXSourcesBuildPhase section */
		3AA5FB252CCFA7C800268354 /* Sources */ = {
			isa = PBXSourcesBuildPhase;
			buildActionMask = 2147483647;
			files = (
			);
			runOnlyForDeploymentPostprocessing = 0;
		};
		3AA5FB352CCFA7C900268354 /* Sources */ = {
			isa = PBXSourcesBuildPhase;
			buildActionMask = 2147483647;
			files = (
			);
			runOnlyForDeploymentPostprocessing = 0;
		};
		3AA5FB3F2CCFA7C900268354 /* Sources */ = {
			isa = PBXSourcesBuildPhase;
			buildActionMask = 2147483647;
			files = (
			);
			runOnlyForDeploymentPostprocessing = 0;
		};
/* End PBXSourcesBuildPhase section */

/* Begin PBXTargetDependency section */
		3AA5FB3B2CCFA7C900268354 /* PBXTargetDependency */ = {
			isa = PBXTargetDependency;
			target = 3AA5FB282CCFA7C800268354 /* Walaa - Hello World */;
			targetProxy = 3AA5FB3A2CCFA7C900268354 /* PBXContainerItemProxy */;
		};
		3AA5FB452CCFA7C900268354 /* PBXTargetDependency */ = {
			isa = PBXTargetDependency;
			target = 3AA5FB282CCFA7C800268354 /* Walaa - Hello World */;
			targetProxy = 3AA5FB442CCFA7C900268354 /* PBXContainerItemProxy */;
		};
/* End PBXTargetDependency section */

/* Begin XCBuildConfiguration section */
		3AA5FB4B2CCFA7C900268354 /* Debug */ = {
			isa = XCBuildConfiguration;
			buildSettings = {
				ALWAYS_SEARCH_USER_PATHS = NO;
				ASSETCATALOG_COMPILER_GENERATE_SWIFT_ASSET_SYMBOL_EXTENSIONS = YES;
				CLANG_ANALYZER_NONNULL = YES;
				CLANG_ANALYZER_NUMBER_OBJECT_CONVERSION = YES_AGGRESSIVE;
				CLANG_CXX_LANGUAGE_STANDARD = "gnu++20";
				CLANG_ENABLE_MODULES = YES;
				CLANG_ENABLE_OBJC_ARC = YES;
				CLANG_ENABLE_OBJC_WEAK = YES;
				CLANG_WARN_BLOCK_CAPTURE_AUTORELEASING = YES;
				CLANG_WARN_BOOL_CONVERSION = YES;
				CLANG_WARN_COMMA = YES;
				CLANG_WARN_CONSTANT_CONVERSION = YES;
				CLANG_WARN_DEPRECATED_OBJC_IMPLEMENTATIONS = YES;
				CLANG_WARN_DIRECT_OBJC_ISA_USAGE = YES_ERROR;
				CLANG_WARN_DOCUMENTATION_COMMENTS = YES;
				CLANG_WARN_EMPTY_BODY = YES;
				CLANG_WARN_ENUM_CONVERSION = YES;
				CLANG_WARN_INFINITE_RECURSION = YES;
				CLANG_WARN_INT_CONVERSION = YES;
				CLANG_WARN_NON_LITERAL_NULL_CONVERSION = YES;
				CLANG_WARN_OBJC_IMPLICIT_RETAIN_SELF = YES;
				CLANG_WARN_OBJC_LITERAL_CONVERSION = YES;
				CLANG_WARN_OBJC_ROOT_CLASS = YES_ERROR;
				CLANG_WARN_QUOTED_INCLUDE_IN_FRAMEWORK_HEADER = YES;
				CLANG_WARN_RANGE_LOOP_ANALYSIS = YES;
				CLANG_WARN_STRICT_PROTOTYPES = YES;
				CLANG_WARN_SUSPICIOUS_MOVE = YES;
				CLANG_WARN_UNGUARDED_AVAILABILITY = YES_AGGRESSIVE;
				CLANG_WARN_UNREACHABLE_CODE = YES;
				CLANG_WARN__DUPLICATE_METHOD_MATCH = YES;
				COPY_PHASE_STRIP = NO;
				DEBUG_INFORMATION_FORMAT = dwarf;
				ENABLE_STRICT_OBJC_MSGSEND = YES;
				ENABLE_TESTABILITY = YES;
				ENABLE_USER_SCRIPT_SANDBOXING = YES;
				GCC_C_LANGUAGE_STANDARD = gnu17;
				GCC_DYNAMIC_NO_PIC = NO;
				GCC_NO_COMMON_BLOCKS = YES;
				GCC_OPTIMIZATION_LEVEL = 0;
				GCC_PREPROCESSOR_DEFINITIONS = (
					"DEBUG=1",
					"$(inherited)",
				);
				GCC_WARN_64_TO_32_BIT_CONVERSION = YES;
				GCC_WARN_ABOUT_RETURN_TYPE = YES_ERROR;
				GCC_WARN_UNDECLARED_SELECTOR = YES;
				GCC_WARN_UNINITIALIZED_AUTOS = YES_AGGRESSIVE;
				GCC_WARN_UNUSED_FUNCTION = YES;
				GCC_WARN_UNUSED_VARIABLE = YES;
				IPHONEOS_DEPLOYMENT_TARGET = 18.0;
				LOCALIZATION_PREFERS_STRING_CATALOGS = YES;
				MTL_ENABLE_DEBUG_INFO = INCLUDE_SOURCE;
				MTL_FAST_MATH = YES;
				ONLY_ACTIVE_ARCH = YES;
				SDKROOT = iphoneos;
				SWIFT_ACTIVE_COMPILATION_CONDITIONS = "DEBUG $(inherited)";
				SWIFT_OPTIMIZATION_LEVEL = "-Onone";
			};
			name = Debug;
		};
		3AA5FB4C2CCFA7C900268354 /* Release */ = {
			isa = XCBuildConfiguration;
			buildSettings = {
				ALWAYS_SEARCH_USER_PATHS = NO;
				ASSETCATALOG_COMPILER_GENERATE_SWIFT_ASSET_SYMBOL_EXTENSIONS = YES;
				CLANG_ANALYZER_NONNULL = YES;
				CLANG_ANALYZER_NUMBER_OBJECT_CONVERSION = YES_AGGRESSIVE;
				CLANG_CXX_LANGUAGE_STANDARD = "gnu++20";
				CLANG_ENABLE_MODULES = YES;
				CLANG_ENABLE_OBJC_ARC = YES;
				CLANG_ENABLE_OBJC_WEAK = YES;
				CLANG_WARN_BLOCK_CAPTURE_AUTORELEASING = YES;
				CLANG_WARN_BOOL_CONVERSION = YES;
				CLANG_WARN_COMMA = YES;
				CLANG_WARN_CONSTANT_CONVERSION = YES;
				CLANG_WARN_DEPRECATED_OBJC_IMPLEMENTATIONS = YES;
				CLANG_WARN_DIRECT_OBJC_ISA_USAGE = YES_ERROR;
				CLANG_WARN_DOCUMENTATION_COMMENTS = YES;
				CLANG_WARN_EMPTY_BODY = YES;
				CLANG_WARN_ENUM_CONVERSION = YES;
				CLANG_WARN_INFINITE_RECURSION = YES;
				CLANG_WARN_INT_CONVERSION = YES;
				CLANG_WARN_NON_LITERAL_NULL_CONVERSION = YES;
				CLANG_WARN_OBJC_IMPLICIT_RETAIN_SELF = YES;
				CLANG_WARN_OBJC_LITERAL_CONVERSION = YES;
				CLANG_WARN_OBJC_ROOT_CLASS = YES_ERROR;
				CLANG_WARN_QUOTED_INCLUDE_IN_FRAMEWORK_HEADER = YES;
				CLANG_WARN_RANGE_LOOP_ANALYSIS = YES;
				CLANG_WARN_STRICT_PROTOTYPES = YES;
				CLANG_WARN_SUSPICIOUS_MOVE = YES;
				CLANG_WARN_UNGUARDED_AVAILABILITY = YES_AGGRESSIVE;
				CLANG_WARN_UNREACHABLE_CODE = YES;
				CLANG_WARN__DUPLICATE_METHOD_MATCH = YES;
				COPY_PHASE_STRIP = NO;
				DEBUG_INFORMATION_FORMAT = "dwarf-with-dsym";
				ENABLE_NS_ASSERTIONS = NO;
				ENABLE_STRICT_OBJC_MSGSEND = YES;
				ENABLE_USER_SCRIPT_SANDBOXING = YES;
				GCC_C_LANGUAGE_STANDARD = gnu17;
				GCC_NO_COMMON_BLOCKS = YES;
				GCC_WARN_64_TO_32_BIT_CONVERSION = YES;
				GCC_WARN_ABOUT_RETURN_TYPE = YES_ERROR;
				GCC_WARN_UNDECLARED_SELECTOR = YES;
				GCC_WARN_UNINITIALIZED_AUTOS = YES_AGGRESSIVE;
				GCC_WARN_UNUSED_FUNCTION = YES;
				GCC_WARN_UNUSED_VARIABLE = YES;
				IPHONEOS_DEPLOYMENT_TARGET = 18.0;
				LOCALIZATION_PREFERS_STRING_CATALOGS = YES;
				MTL_ENABLE_DEBUG_INFO = NO;
				MTL_FAST_MATH = YES;
				SDKROOT = iphoneos;
				SWIFT_COMPILATION_MODE = wholemodule;
				VALIDATE_PRODUCT = YES;
			};
			name = Release;
		};
		3AA5FB4E2CCFA7C900268354 /* Debug */ = {
			isa = XCBuildConfiguration;
			buildSettings = {
				ASSETCATALOG_COMPILER_APPICON_NAME = AppIcon;
				ASSETCATALOG_COMPILER_GLOBAL_ACCENT_COLOR_NAME = AccentColor;
				CODE_SIGN_STYLE = Automatic;
				CURRENT_PROJECT_VERSION = 1;
				DEVELOPMENT_ASSET_PATHS = "\"Walaa - Hello World/Preview Content\"";
				ENABLE_PREVIEWS = YES;
				GENERATE_INFOPLIST_FILE = YES;
				INFOPLIST_KEY_UIApplicationSceneManifest_Generation = YES;
				INFOPLIST_KEY_UIApplicationSupportsIndirectInputEvents = YES;
				INFOPLIST_KEY_UILaunchScreen_Generation = YES;
				INFOPLIST_KEY_UISupportedInterfaceOrientations_iPad = "UIInterfaceOrientationPortrait UIInterfaceOrientationPortraitUpsideDown UIInterfaceOrientationLandscapeLeft UIInterfaceOrientationLandscapeRight";
				INFOPLIST_KEY_UISupportedInterfaceOrientations_iPhone = "UIInterfaceOrientationPortrait UIInterfaceOrientationLandscapeLeft UIInterfaceOrientationLandscapeRight";
				LD_RUNPATH_SEARCH_PATHS = (
					"$(inherited)",
					"@executable_path/Frameworks",
				);
				MARKETING_VERSION = 1.0;
				PRODUCT_BUNDLE_IDENTIFIER = "Hello-World-challange.Walaa---Hello-World";
				PRODUCT_NAME = "$(TARGET_NAME)";
				SWIFT_EMIT_LOC_STRINGS = YES;
				SWIFT_VERSION = 5.0;
				TARGETED_DEVICE_FAMILY = "1,2";
			};
			name = Debug;
		};
		3AA5FB4F2CCFA7C900268354 /* Release */ = {
			isa = XCBuildConfiguration;
			buildSettings = {
				ASSETCATALOG_COMPILER_APPICON_NAME = AppIcon;
				ASSETCATALOG_COMPILER_GLOBAL_ACCENT_COLOR_NAME = AccentColor;
				CODE_SIGN_STYLE = Automatic;
				CURRENT_PROJECT_VERSION = 1;
				DEVELOPMENT_ASSET_PATHS = "\"Walaa - Hello World/Preview Content\"";
				ENABLE_PREVIEWS = YES;
				GENERATE_INFOPLIST_FILE = YES;
				INFOPLIST_KEY_UIApplicationSceneManifest_Generation = YES;
				INFOPLIST_KEY_UIApplicationSupportsIndirectInputEvents = YES;
				INFOPLIST_KEY_UILaunchScreen_Generation = YES;
				INFOPLIST_KEY_UISupportedInterfaceOrientations_iPad = "UIInterfaceOrientationPortrait UIInterfaceOrientationPortraitUpsideDown UIInterfaceOrientationLandscapeLeft UIInterfaceOrientationLandscapeRight";
				INFOPLIST_KEY_UISupportedInterfaceOrientations_iPhone = "UIInterfaceOrientationPortrait UIInterfaceOrientationLandscapeLeft UIInterfaceOrientationLandscapeRight";
				LD_RUNPATH_SEARCH_PATHS = (
					"$(inherited)",
					"@executable_path/Frameworks",
				);
				MARKETING_VERSION = 1.0;
				PRODUCT_BUNDLE_IDENTIFIER = "Hello-World-challange.Walaa---Hello-World";
				PRODUCT_NAME = "$(TARGET_NAME)";
				SWIFT_EMIT_LOC_STRINGS = YES;
				SWIFT_VERSION = 5.0;
				TARGETED_DEVICE_FAMILY = "1,2";
			};
			name = Release;
		};
		3AA5FB512CCFA7C900268354 /* Debug */ = {
			isa = XCBuildConfiguration;
			buildSettings = {
				BUNDLE_LOADER = "$(TEST_HOST)";
				CODE_SIGN_STYLE = Automatic;
				CURRENT_PROJECT_VERSION = 1;
				GENERATE_INFOPLIST_FILE = YES;
				IPHONEOS_DEPLOYMENT_TARGET = 18.0;
				MARKETING_VERSION = 1.0;
				PRODUCT_BUNDLE_IDENTIFIER = "Hello-World-challange.Walaa---Hello-WorldTests";
				PRODUCT_NAME = "$(TARGET_NAME)";
				SWIFT_EMIT_LOC_STRINGS = NO;
				SWIFT_VERSION = 5.0;
				TARGETED_DEVICE_FAMILY = "1,2";
				TEST_HOST = "$(BUILT_PRODUCTS_DIR)/Walaa - Hello World.app/$(BUNDLE_EXECUTABLE_FOLDER_PATH)/Walaa - Hello World";
			};
			name = Debug;
		};
		3AA5FB522CCFA7C900268354 /* Release */ = {
			isa = XCBuildConfiguration;
			buildSettings = {
				BUNDLE_LOADER = "$(TEST_HOST)";
				CODE_SIGN_STYLE = Automatic;
				CURRENT_PROJECT_VERSION = 1;
				GENERATE_INFOPLIST_FILE = YES;
				IPHONEOS_DEPLOYMENT_TARGET = 18.0;
				MARKETING_VERSION = 1.0;
				PRODUCT_BUNDLE_IDENTIFIER = "Hello-World-challange.Walaa---Hello-WorldTests";
				PRODUCT_NAME = "$(TARGET_NAME)";
				SWIFT_EMIT_LOC_STRINGS = NO;
				SWIFT_VERSION = 5.0;
				TARGETED_DEVICE_FAMILY = "1,2";
				TEST_HOST = "$(BUILT_PRODUCTS_DIR)/Walaa - Hello World.app/$(BUNDLE_EXECUTABLE_FOLDER_PATH)/Walaa - Hello World";
			};
			name = Release;
		};
		3AA5FB542CCFA7C900268354 /* Debug */ = {
			isa = XCBuildConfiguration;
			buildSettings = {
				CODE_SIGN_STYLE = Automatic;
				CURRENT_PROJECT_VERSION = 1;
				GENERATE_INFOPLIST_FILE = YES;
				MARKETING_VERSION = 1.0;
				PRODUCT_BUNDLE_IDENTIFIER = "Hello-World-challange.Walaa---Hello-WorldUITests";
				PRODUCT_NAME = "$(TARGET_NAME)";
				SWIFT_EMIT_LOC_STRINGS = NO;
				SWIFT_VERSION = 5.0;
				TARGETED_DEVICE_FAMILY = "1,2";
				TEST_TARGET_NAME = "Walaa - Hello World";
			};
			name = Debug;
		};
		3AA5FB552CCFA7C900268354 /* Release */ = {
			isa = XCBuildConfiguration;
			buildSettings = {
				CODE_SIGN_STYLE = Automatic;
				CURRENT_PROJECT_VERSION = 1;
				GENERATE_INFOPLIST_FILE = YES;
				MARKETING_VERSION = 1.0;
				PRODUCT_BUNDLE_IDENTIFIER = "Hello-World-challange.Walaa---Hello-WorldUITests";
				PRODUCT_NAME = "$(TARGET_NAME)";
				SWIFT_EMIT_LOC_STRINGS = NO;
				SWIFT_VERSION = 5.0;
				TARGETED_DEVICE_FAMILY = "1,2";
				TEST_TARGET_NAME = "Walaa - Hello World";
			};
			name = Release;
		};
/* End XCBuildConfiguration section */

/* Begin XCConfigurationList section */
		3AA5FB242CCFA7C800268354 /* Build configuration list for PBXProject "Walaa - Hello World" */ = {
			isa = XCConfigurationList;
			buildConfigurations = (
				3AA5FB4B2CCFA7C900268354 /* Debug */,
				3AA5FB4C2CCFA7C900268354 /* Release */,
			);
			defaultConfigurationIsVisible = 0;
			defaultConfigurationName = Release;
		};
		3AA5FB4D2CCFA7C900268354 /* Build configuration list for PBXNativeTarget "Walaa - Hello World" */ = {
			isa = XCConfigurationList;
			buildConfigurations = (
				3AA5FB4E2CCFA7C900268354 /* Debug */,
				3AA5FB4F2CCFA7C900268354 /* Release */,
			);
			defaultConfigurationIsVisible = 0;
			defaultConfigurationName = Release;
		};
		3AA5FB502CCFA7C900268354 /* Build configuration list for PBXNativeTarget "Walaa - Hello WorldTests" */ = {
			isa = XCConfigurationList;
			buildConfigurations = (
				3AA5FB512CCFA7C900268354 /* Debug */,
				3AA5FB522CCFA7C900268354 /* Release */,
			);
			defaultConfigurationIsVisible = 0;
			defaultConfigurationName = Release;
		};
		3AA5FB532CCFA7C900268354 /* Build configuration list for PBXNativeTarget "Walaa - Hello WorldUITests" */ = {
			isa = XCConfigurationList;
			buildConfigurations = (
				3AA5FB542CCFA7C900268354 /* Debug */,
				3AA5FB552CCFA7C900268354 /* Release */,
			);
			defaultConfigurationIsVisible = 0;
			defaultConfigurationName = Release;
		};
/* End XCConfigurationList section */
	};
	rootObject = 3AA5FB212CCFA7C800268354 /* Project object */;
}
